Microsoft Visual Studio Solution File, Format Version 12.00
# Visual Studio Version 17
VisualStudioVersion = 17.2.32516.85
MinimumVisualStudioVersion = 10.0.40219.1
Project("{9A19103F-16F7-4668-BE54-9A1E7A4F7556}") = "Wintap", "wintap\Wintap.csproj", "{225F7EEB-8D75-4921-922F-AA0354EC8289}"
EndProject
Project("{FAE04EC0-301F-11D3-BF4B-00C04F79EFBC}") = "WintapSvcMgr", "platform\windows\WintapSvcMgr\WintapSvcMgr.csproj", "{E307F7BE-A7AF-4818-91C7-E4A3EFE9E520}"
EndProject
Project("{9A19103F-16F7-4668-BE54-9A1E7A4F7556}") = "WintapAPI", "WintapAPI\WintapAPI.csproj", "{C2A9826A-1DDE-44C9-8B82-9CE124E027E9}"
EndProject
Project("{9A19103F-16F7-4668-BE54-9A1E7A4F7556}") = "WintapRecorder", "platform\windows\WintapRecorder\WintapRecorder.csproj", "{4FE36182-60AA-4483-982F-821F67D4CEB5}"
EndProject
Project("{54435603-DBB4-11D2-8724-00A0C9A8B90C}") = "WintapSetup", "platform\windows\WintapSetup\WintapSetup.vdproj", "{BD252ABA-2A5B-4F56-9413-3174AA9CD895}"
EndProject
Project("{54435603-DBB4-11D2-8724-00A0C9A8B90C}") = "WintapETLSetup", "platform\windows\WintapETLSetup\WintapETLSetup\WintapETLSetup.vdproj", "{CA4A1320-48B8-479B-9EF8-FBED03BC3629}"
EndProject
Project("{2150E333-8FDC-42A3-9474-1A3956D46DE8}") = "utilities", "utilities", "{D3644633-5670-4050-8E1D-465A966F45E1}"
EndProject
Project("{9A19103F-16F7-4668-BE54-9A1E7A4F7556}") = "DocIndexer", "platform\windows\Utilities\DocIndexer\DocIndexer.csproj", "{C34C2A8C-2C33-45B3-9BD4-91FD123D890E}"
EndProject
Project("{9A19103F-16F7-4668-BE54-9A1E7A4F7556}") = "LocalInference", "platform\windows\Utilities\LocalInference\LocalInference.csproj", "{84D53A62-053A-492D-96AA-FFCF30CD756A}"
EndProject
Project("{2150E333-8FDC-42A3-9474-1A3956D46DE8}") = "platform", "platform", "{94CDA401-4A90-4F82-B851-262342674E31}"
EndProject
Project("{2150E333-8FDC-42A3-9474-1A3956D46DE8}") = "windows", "windows", "{F2A6335E-0AE8-41E1-90C6-A282CFFCEFBD}"
EndProject
Project("{2150E333-8FDC-42A3-9474-1A3956D46DE8}") = "Solution Items", "Solution Items", "{39BB107A-F80C-49B8-BCDA-11C080592E99}"
	ProjectSection(SolutionItems) = preProject
		CONTRIBUTIONS.md = CONTRIBUTIONS.md
		LICENSE = LICENSE
		NOTICE.txt = NOTICE.txt
		README.md = README.md
		Wintap 6 Developer's Guide.pdf = Wintap 6 Developer's Guide.pdf
		wintap.ico = wintap.ico
		Wintap.png = Wintap.png
	EndProjectSection
EndProject
Project("{2150E333-8FDC-42A3-9474-1A3956D46DE8}") = "Wintap-Workbench", "Wintap-Workbench", "{66763ED6-F638-4936-A82B-ADAB21030A27}"
EndProject
Project("{E24C65DC-7377-472B-9ABA-BC803B73C61A}") = "Wintap-Workbench", "Wintap-Workbench\", "{18ED5F1A-4D5F-482F-AAFF-05D52C35C84A}"
	ProjectSection(WebsiteProperties) = preProject
		TargetFrameworkMoniker = ".NETFramework,Version%3Dv4.8"
		Debug.AspNetCompiler.VirtualPath = "/localhost_55868"
		Debug.AspNetCompiler.PhysicalPath = "Wintap-Workbench\"
		Debug.AspNetCompiler.TargetPath = "PrecompiledWeb\localhost_55868\"
		Debug.AspNetCompiler.Updateable = "true"
		Debug.AspNetCompiler.ForceOverwrite = "true"
		Debug.AspNetCompiler.FixedNames = "false"
		Debug.AspNetCompiler.Debug = "True"
		Release.AspNetCompiler.VirtualPath = "/localhost_55868"
		Release.AspNetCompiler.PhysicalPath = "Wintap-Workbench\"
		Release.AspNetCompiler.TargetPath = "PrecompiledWeb\localhost_55868\"
		Release.AspNetCompiler.Updateable = "true"
		Release.AspNetCompiler.ForceOverwrite = "true"
		Release.AspNetCompiler.FixedNames = "false"
		Release.AspNetCompiler.Debug = "False"
		VWDPort = "55868"
		SlnRelativePath = "Wintap-Workbench\"
	EndProjectSection
EndProject
Project("{2150E333-8FDC-42A3-9474-1A3956D46DE8}") = "Samples", "Samples", "{02EA681E-C7D8-13C7-8484-4AC65E1B71E8}"
EndProject
Project("{FAE04EC0-301F-11D3-BF4B-00C04F79EFBC}") = "SimpleEventPlugin", "platform\samples\SimpleEventPlugin\SimpleEventPlugin.csproj", "{3CC4F4DA-5D11-450B-B592-1BC6CE49D094}"
EndProject
Project("{FAE04EC0-301F-11D3-BF4B-00C04F79EFBC}") = "LocalRAG", "platform\windows\Utilities\LocalRAG\LocalRAG.csproj", "{8FC32DE9-BC64-4655-ABBA-ECF721390BC1}"
EndProject
Project("{FAE04EC0-301F-11D3-BF4B-00C04F79EFBC}") = "WintapCoreSvcMgr", "WintapCoreSvcMgr\WintapCoreSvcMgr.csproj", "{9FBCD002-8AA4-4D37-B70F-91A01770DBAA}"
EndProject
Global
	GlobalSection(SolutionConfigurationPlatforms) = preSolution
		Debug|Any CPU = Debug|Any CPU
		Debug|ARM64 = Debug|ARM64
		Debug|x64 = Debug|x64
		Debug|x86 = Debug|x86
		Release|Any CPU = Release|Any CPU
		Release|ARM64 = Release|ARM64
		Release|x64 = Release|x64
		Release|x86 = Release|x86
	EndGlobalSection
	GlobalSection(ProjectConfigurationPlatforms) = postSolution
		{225F7EEB-8D75-4921-922F-AA0354EC8289}.Debug|Any CPU.ActiveCfg = Debug|Any CPU
		{225F7EEB-8D75-4921-922F-AA0354EC8289}.Debug|Any CPU.Build.0 = Debug|Any CPU
		{225F7EEB-8D75-4921-922F-AA0354EC8289}.Debug|ARM64.ActiveCfg = Debug|Any CPU
		{225F7EEB-8D75-4921-922F-AA0354EC8289}.Debug|ARM64.Build.0 = Debug|Any CPU
		{225F7EEB-8D75-4921-922F-AA0354EC8289}.Debug|x64.ActiveCfg = Debug|x64
		{225F7EEB-8D75-4921-922F-AA0354EC8289}.Debug|x64.Build.0 = Debug|x64
		{225F7EEB-8D75-4921-922F-AA0354EC8289}.Debug|x86.ActiveCfg = Debug|Any CPU
		{225F7EEB-8D75-4921-922F-AA0354EC8289}.Debug|x86.Build.0 = Debug|Any CPU
		{225F7EEB-8D75-4921-922F-AA0354EC8289}.Release|Any CPU.ActiveCfg = Release|Any CPU
		{225F7EEB-8D75-4921-922F-AA0354EC8289}.Release|Any CPU.Build.0 = Release|Any CPU
		{225F7EEB-8D75-4921-922F-AA0354EC8289}.Release|ARM64.ActiveCfg = Release|Any CPU
		{225F7EEB-8D75-4921-922F-AA0354EC8289}.Release|ARM64.Build.0 = Release|Any CPU
		{225F7EEB-8D75-4921-922F-AA0354EC8289}.Release|x64.ActiveCfg = Release|x64
		{225F7EEB-8D75-4921-922F-AA0354EC8289}.Release|x64.Build.0 = Release|x64
		{225F7EEB-8D75-4921-922F-AA0354EC8289}.Release|x86.ActiveCfg = Release|Any CPU
		{225F7EEB-8D75-4921-922F-AA0354EC8289}.Release|x86.Build.0 = Release|Any CPU
		{E307F7BE-A7AF-4818-91C7-E4A3EFE9E520}.Debug|Any CPU.ActiveCfg = Debug|x64
		{E307F7BE-A7AF-4818-91C7-E4A3EFE9E520}.Debug|Any CPU.Build.0 = Debug|x64
		{E307F7BE-A7AF-4818-91C7-E4A3EFE9E520}.Debug|ARM64.ActiveCfg = Debug|Any CPU
		{E307F7BE-A7AF-4818-91C7-E4A3EFE9E520}.Debug|ARM64.Build.0 = Debug|Any CPU
		{E307F7BE-A7AF-4818-91C7-E4A3EFE9E520}.Debug|x64.ActiveCfg = Debug|Any CPU
		{E307F7BE-A7AF-4818-91C7-E4A3EFE9E520}.Debug|x64.Build.0 = Debug|Any CPU
		{E307F7BE-A7AF-4818-91C7-E4A3EFE9E520}.Debug|x86.ActiveCfg = Debug|x64
		{E307F7BE-A7AF-4818-91C7-E4A3EFE9E520}.Debug|x86.Build.0 = Debug|x64
		{E307F7BE-A7AF-4818-91C7-E4A3EFE9E520}.Release|Any CPU.ActiveCfg = Release|x64
		{E307F7BE-A7AF-4818-91C7-E4A3EFE9E520}.Release|Any CPU.Build.0 = Release|x64
		{E307F7BE-A7AF-4818-91C7-E4A3EFE9E520}.Release|ARM64.ActiveCfg = Release|Any CPU
		{E307F7BE-A7AF-4818-91C7-E4A3EFE9E520}.Release|ARM64.Build.0 = Release|Any CPU
		{E307F7BE-A7AF-4818-91C7-E4A3EFE9E520}.Release|x64.ActiveCfg = Release|Any CPU
		{E307F7BE-A7AF-4818-91C7-E4A3EFE9E520}.Release|x64.Build.0 = Release|Any CPU
		{E307F7BE-A7AF-4818-91C7-E4A3EFE9E520}.Release|x86.ActiveCfg = Release|x64
		{E307F7BE-A7AF-4818-91C7-E4A3EFE9E520}.Release|x86.Build.0 = Release|x64
		{C2A9826A-1DDE-44C9-8B82-9CE124E027E9}.Debug|Any CPU.ActiveCfg = Debug|Any CPU
		{C2A9826A-1DDE-44C9-8B82-9CE124E027E9}.Debug|Any CPU.Build.0 = Debug|Any CPU
		{C2A9826A-1DDE-44C9-8B82-9CE124E027E9}.Debug|ARM64.ActiveCfg = Debug|Any CPU
		{C2A9826A-1DDE-44C9-8B82-9CE124E027E9}.Debug|ARM64.Build.0 = Debug|Any CPU
		{C2A9826A-1DDE-44C9-8B82-9CE124E027E9}.Debug|x64.ActiveCfg = Debug|Any CPU
		{C2A9826A-1DDE-44C9-8B82-9CE124E027E9}.Debug|x64.Build.0 = Debug|Any CPU
		{C2A9826A-1DDE-44C9-8B82-9CE124E027E9}.Debug|x86.ActiveCfg = Debug|Any CPU
		{C2A9826A-1DDE-44C9-8B82-9CE124E027E9}.Debug|x86.Build.0 = Debug|Any CPU
		{C2A9826A-1DDE-44C9-8B82-9CE124E027E9}.Release|Any CPU.ActiveCfg = Release|Any CPU
		{C2A9826A-1DDE-44C9-8B82-9CE124E027E9}.Release|Any CPU.Build.0 = Release|Any CPU
		{C2A9826A-1DDE-44C9-8B82-9CE124E027E9}.Release|ARM64.ActiveCfg = Release|Any CPU
		{C2A9826A-1DDE-44C9-8B82-9CE124E027E9}.Release|ARM64.Build.0 = Release|Any CPU
		{C2A9826A-1DDE-44C9-8B82-9CE124E027E9}.Release|x64.ActiveCfg = Release|Any CPU
		{C2A9826A-1DDE-44C9-8B82-9CE124E027E9}.Release|x64.Build.0 = Release|Any CPU
		{C2A9826A-1DDE-44C9-8B82-9CE124E027E9}.Release|x86.ActiveCfg = Release|Any CPU
		{C2A9826A-1DDE-44C9-8B82-9CE124E027E9}.Release|x86.Build.0 = Release|Any CPU
		{4FE36182-60AA-4483-982F-821F67D4CEB5}.Debug|Any CPU.ActiveCfg = Debug|Any CPU
		{4FE36182-60AA-4483-982F-821F67D4CEB5}.Debug|Any CPU.Build.0 = Debug|Any CPU
		{4FE36182-60AA-4483-982F-821F67D4CEB5}.Debug|ARM64.ActiveCfg = Debug|Any CPU
		{4FE36182-60AA-4483-982F-821F67D4CEB5}.Debug|ARM64.Build.0 = Debug|Any CPU
		{4FE36182-60AA-4483-982F-821F67D4CEB5}.Debug|x64.ActiveCfg = Debug|x64
		{4FE36182-60AA-4483-982F-821F67D4CEB5}.Debug|x64.Build.0 = Debug|x64
		{4FE36182-60AA-4483-982F-821F67D4CEB5}.Debug|x86.ActiveCfg = Debug|Any CPU
		{4FE36182-60AA-4483-982F-821F67D4CEB5}.Debug|x86.Build.0 = Debug|Any CPU
		{4FE36182-60AA-4483-982F-821F67D4CEB5}.Release|Any CPU.ActiveCfg = Release|Any CPU
		{4FE36182-60AA-4483-982F-821F67D4CEB5}.Release|Any CPU.Build.0 = Release|Any CPU
		{4FE36182-60AA-4483-982F-821F67D4CEB5}.Release|ARM64.ActiveCfg = Release|Any CPU
		{4FE36182-60AA-4483-982F-821F67D4CEB5}.Release|ARM64.Build.0 = Release|Any CPU
		{4FE36182-60AA-4483-982F-821F67D4CEB5}.Release|x64.ActiveCfg = Release|x64
		{4FE36182-60AA-4483-982F-821F67D4CEB5}.Release|x64.Build.0 = Release|x64
		{4FE36182-60AA-4483-982F-821F67D4CEB5}.Release|x86.ActiveCfg = Release|Any CPU
		{4FE36182-60AA-4483-982F-821F67D4CEB5}.Release|x86.Build.0 = Release|Any CPU
		{BD252ABA-2A5B-4F56-9413-3174AA9CD895}.Debug|Any CPU.ActiveCfg = Debug
		{BD252ABA-2A5B-4F56-9413-3174AA9CD895}.Debug|ARM64.ActiveCfg = Debug
		{BD252ABA-2A5B-4F56-9413-3174AA9CD895}.Debug|x64.ActiveCfg = Debug
		{BD252ABA-2A5B-4F56-9413-3174AA9CD895}.Debug|x86.ActiveCfg = Debug
		{BD252ABA-2A5B-4F56-9413-3174AA9CD895}.Debug|x86.Build.0 = Debug
		{BD252ABA-2A5B-4F56-9413-3174AA9CD895}.Release|Any CPU.ActiveCfg = Release
		{BD252ABA-2A5B-4F56-9413-3174AA9CD895}.Release|Any CPU.Build.0 = Release
		{BD252ABA-2A5B-4F56-9413-3174AA9CD895}.Release|ARM64.ActiveCfg = Release
		{BD252ABA-2A5B-4F56-9413-3174AA9CD895}.Release|x64.ActiveCfg = Release
		{BD252ABA-2A5B-4F56-9413-3174AA9CD895}.Release|x64.Build.0 = Release
		{BD252ABA-2A5B-4F56-9413-3174AA9CD895}.Release|x86.ActiveCfg = Release
		{BD252ABA-2A5B-4F56-9413-3174AA9CD895}.Release|x86.Build.0 = Release
		{CA4A1320-48B8-479B-9EF8-FBED03BC3629}.Debug|Any CPU.ActiveCfg = Debug
		{CA4A1320-48B8-479B-9EF8-FBED03BC3629}.Debug|ARM64.ActiveCfg = Debug
		{CA4A1320-48B8-479B-9EF8-FBED03BC3629}.Debug|x64.ActiveCfg = Debug
		{CA4A1320-48B8-479B-9EF8-FBED03BC3629}.Debug|x86.ActiveCfg = Debug
		{CA4A1320-48B8-479B-9EF8-FBED03BC3629}.Debug|x86.Build.0 = Debug
		{CA4A1320-48B8-479B-9EF8-FBED03BC3629}.Release|Any CPU.ActiveCfg = Release
		{CA4A1320-48B8-479B-9EF8-FBED03BC3629}.Release|Any CPU.Build.0 = Release
		{CA4A1320-48B8-479B-9EF8-FBED03BC3629}.Release|ARM64.ActiveCfg = Release
		{CA4A1320-48B8-479B-9EF8-FBED03BC3629}.Release|x64.ActiveCfg = Release
		{CA4A1320-48B8-479B-9EF8-FBED03BC3629}.Release|x86.ActiveCfg = Release
		{CA4A1320-48B8-479B-9EF8-FBED03BC3629}.Release|x86.Build.0 = Release
		{C34C2A8C-2C33-45B3-9BD4-91FD123D890E}.Debug|Any CPU.ActiveCfg = Debug|Any CPU
		{C34C2A8C-2C33-45B3-9BD4-91FD123D890E}.Debug|Any CPU.Build.0 = Debug|Any CPU
		{C34C2A8C-2C33-45B3-9BD4-91FD123D890E}.Debug|ARM64.ActiveCfg = Debug|Any CPU
		{C34C2A8C-2C33-45B3-9BD4-91FD123D890E}.Debug|ARM64.Build.0 = Debug|Any CPU
		{C34C2A8C-2C33-45B3-9BD4-91FD123D890E}.Debug|x64.ActiveCfg = Debug|Any CPU
		{C34C2A8C-2C33-45B3-9BD4-91FD123D890E}.Debug|x64.Build.0 = Debug|Any CPU
		{C34C2A8C-2C33-45B3-9BD4-91FD123D890E}.Debug|x86.ActiveCfg = Debug|Any CPU
		{C34C2A8C-2C33-45B3-9BD4-91FD123D890E}.Debug|x86.Build.0 = Debug|Any CPU
		{C34C2A8C-2C33-45B3-9BD4-91FD123D890E}.Release|Any CPU.ActiveCfg = Release|Any CPU
		{C34C2A8C-2C33-45B3-9BD4-91FD123D890E}.Release|Any CPU.Build.0 = Release|Any CPU
		{C34C2A8C-2C33-45B3-9BD4-91FD123D890E}.Release|ARM64.ActiveCfg = Release|Any CPU
		{C34C2A8C-2C33-45B3-9BD4-91FD123D890E}.Release|ARM64.Build.0 = Release|Any CPU
		{C34C2A8C-2C33-45B3-9BD4-91FD123D890E}.Release|x64.ActiveCfg = Release|Any CPU
		{C34C2A8C-2C33-45B3-9BD4-91FD123D890E}.Release|x64.Build.0 = Release|Any CPU
		{C34C2A8C-2C33-45B3-9BD4-91FD123D890E}.Release|x86.ActiveCfg = Release|Any CPU
		{C34C2A8C-2C33-45B3-9BD4-91FD123D890E}.Release|x86.Build.0 = Release|Any CPU
		{84D53A62-053A-492D-96AA-FFCF30CD756A}.Debug|Any CPU.ActiveCfg = Debug|Any CPU
		{84D53A62-053A-492D-96AA-FFCF30CD756A}.Debug|Any CPU.Build.0 = Debug|Any CPU
		{84D53A62-053A-492D-96AA-FFCF30CD756A}.Debug|ARM64.ActiveCfg = Debug|Any CPU
		{84D53A62-053A-492D-96AA-FFCF30CD756A}.Debug|ARM64.Build.0 = Debug|Any CPU
		{84D53A62-053A-492D-96AA-FFCF30CD756A}.Debug|x64.ActiveCfg = Debug|Any CPU
		{84D53A62-053A-492D-96AA-FFCF30CD756A}.Debug|x64.Build.0 = Debug|Any CPU
		{84D53A62-053A-492D-96AA-FFCF30CD756A}.Debug|x86.ActiveCfg = Debug|Any CPU
		{84D53A62-053A-492D-96AA-FFCF30CD756A}.Debug|x86.Build.0 = Debug|Any CPU
		{84D53A62-053A-492D-96AA-FFCF30CD756A}.Release|Any CPU.ActiveCfg = Release|Any CPU
		{84D53A62-053A-492D-96AA-FFCF30CD756A}.Release|Any CPU.Build.0 = Release|Any CPU
		{84D53A62-053A-492D-96AA-FFCF30CD756A}.Release|ARM64.ActiveCfg = Release|Any CPU
		{84D53A62-053A-492D-96AA-FFCF30CD756A}.Release|ARM64.Build.0 = Release|Any CPU
		{84D53A62-053A-492D-96AA-FFCF30CD756A}.Release|x64.ActiveCfg = Release|Any CPU
		{84D53A62-053A-492D-96AA-FFCF30CD756A}.Release|x64.Build.0 = Release|Any CPU
		{84D53A62-053A-492D-96AA-FFCF30CD756A}.Release|x86.ActiveCfg = Release|Any CPU
		{84D53A62-053A-492D-96AA-FFCF30CD756A}.Release|x86.Build.0 = Release|Any CPU
		{18ED5F1A-4D5F-482F-AAFF-05D52C35C84A}.Debug|Any CPU.ActiveCfg = Debug|Any CPU
		{18ED5F1A-4D5F-482F-AAFF-05D52C35C84A}.Debug|Any CPU.Build.0 = Debug|Any CPU
		{18ED5F1A-4D5F-482F-AAFF-05D52C35C84A}.Debug|ARM64.ActiveCfg = Debug|Any CPU
		{18ED5F1A-4D5F-482F-AAFF-05D52C35C84A}.Debug|ARM64.Build.0 = Debug|Any CPU
		{18ED5F1A-4D5F-482F-AAFF-05D52C35C84A}.Debug|x64.ActiveCfg = Debug|Any CPU
		{18ED5F1A-4D5F-482F-AAFF-05D52C35C84A}.Debug|x64.Build.0 = Debug|Any CPU
		{18ED5F1A-4D5F-482F-AAFF-05D52C35C84A}.Debug|x86.ActiveCfg = Debug|Any CPU
		{18ED5F1A-4D5F-482F-AAFF-05D52C35C84A}.Debug|x86.Build.0 = Debug|Any CPU
		{18ED5F1A-4D5F-482F-AAFF-05D52C35C84A}.Release|Any CPU.ActiveCfg = Debug|Any CPU
		{18ED5F1A-4D5F-482F-AAFF-05D52C35C84A}.Release|Any CPU.Build.0 = Debug|Any CPU
		{18ED5F1A-4D5F-482F-AAFF-05D52C35C84A}.Release|ARM64.ActiveCfg = Debug|Any CPU
		{18ED5F1A-4D5F-482F-AAFF-05D52C35C84A}.Release|ARM64.Build.0 = Debug|Any CPU
		{18ED5F1A-4D5F-482F-AAFF-05D52C35C84A}.Release|x64.ActiveCfg = Debug|Any CPU
		{18ED5F1A-4D5F-482F-AAFF-05D52C35C84A}.Release|x64.Build.0 = Debug|Any CPU
		{18ED5F1A-4D5F-482F-AAFF-05D52C35C84A}.Release|x86.ActiveCfg = Debug|Any CPU
		{18ED5F1A-4D5F-482F-AAFF-05D52C35C84A}.Release|x86.Build.0 = Debug|Any CPU
		{3CC4F4DA-5D11-450B-B592-1BC6CE49D094}.Debug|Any CPU.ActiveCfg = Debug|Any CPU
		{3CC4F4DA-5D11-450B-B592-1BC6CE49D094}.Debug|Any CPU.Build.0 = Debug|Any CPU
		{3CC4F4DA-5D11-450B-B592-1BC6CE49D094}.Debug|ARM64.ActiveCfg = Debug|Any CPU
		{3CC4F4DA-5D11-450B-B592-1BC6CE49D094}.Debug|ARM64.Build.0 = Debug|Any CPU
		{3CC4F4DA-5D11-450B-B592-1BC6CE49D094}.Debug|x64.ActiveCfg = Debug|Any CPU
		{3CC4F4DA-5D11-450B-B592-1BC6CE49D094}.Debug|x64.Build.0 = Debug|Any CPU
		{3CC4F4DA-5D11-450B-B592-1BC6CE49D094}.Debug|x86.ActiveCfg = Debug|Any CPU
		{3CC4F4DA-5D11-450B-B592-1BC6CE49D094}.Debug|x86.Build.0 = Debug|Any CPU
		{3CC4F4DA-5D11-450B-B592-1BC6CE49D094}.Release|Any CPU.ActiveCfg = Release|Any CPU
		{3CC4F4DA-5D11-450B-B592-1BC6CE49D094}.Release|Any CPU.Build.0 = Release|Any CPU
		{3CC4F4DA-5D11-450B-B592-1BC6CE49D094}.Release|ARM64.ActiveCfg = Release|Any CPU
		{3CC4F4DA-5D11-450B-B592-1BC6CE49D094}.Release|ARM64.Build.0 = Release|Any CPU
		{3CC4F4DA-5D11-450B-B592-1BC6CE49D094}.Release|x64.ActiveCfg = Release|Any CPU
		{3CC4F4DA-5D11-450B-B592-1BC6CE49D094}.Release|x64.Build.0 = Release|Any CPU
		{3CC4F4DA-5D11-450B-B592-1BC6CE49D094}.Release|x86.ActiveCfg = Release|Any CPU
		{3CC4F4DA-5D11-450B-B592-1BC6CE49D094}.Release|x86.Build.0 = Release|Any CPU
		{8FC32DE9-BC64-4655-ABBA-ECF721390BC1}.Debug|Any CPU.ActiveCfg = Debug|Any CPU
		{8FC32DE9-BC64-4655-ABBA-ECF721390BC1}.Debug|Any CPU.Build.0 = Debug|Any CPU
		{8FC32DE9-BC64-4655-ABBA-ECF721390BC1}.Debug|ARM64.ActiveCfg = Debug|Any CPU
		{8FC32DE9-BC64-4655-ABBA-ECF721390BC1}.Debug|ARM64.Build.0 = Debug|Any CPU
		{8FC32DE9-BC64-4655-ABBA-ECF721390BC1}.Debug|x64.ActiveCfg = Debug|Any CPU
		{8FC32DE9-BC64-4655-ABBA-ECF721390BC1}.Debug|x64.Build.0 = Debug|Any CPU
		{8FC32DE9-BC64-4655-ABBA-ECF721390BC1}.Debug|x86.ActiveCfg = Debug|Any CPU
		{8FC32DE9-BC64-4655-ABBA-ECF721390BC1}.Debug|x86.Build.0 = Debug|Any CPU
		{8FC32DE9-BC64-4655-ABBA-ECF721390BC1}.Release|Any CPU.ActiveCfg = Release|Any CPU
		{8FC32DE9-BC64-4655-ABBA-ECF721390BC1}.Release|Any CPU.Build.0 = Release|Any CPU
		{8FC32DE9-BC64-4655-ABBA-ECF721390BC1}.Release|ARM64.ActiveCfg = Release|Any CPU
		{8FC32DE9-BC64-4655-ABBA-ECF721390BC1}.Release|ARM64.Build.0 = Release|Any CPU
		{8FC32DE9-BC64-4655-ABBA-ECF721390BC1}.Release|x64.ActiveCfg = Release|Any CPU
		{8FC32DE9-BC64-4655-ABBA-ECF721390BC1}.Release|x64.Build.0 = Release|Any CPU
		{8FC32DE9-BC64-4655-ABBA-ECF721390BC1}.Release|x86.ActiveCfg = Release|Any CPU
		{8FC32DE9-BC64-4655-ABBA-ECF721390BC1}.Release|x86.Build.0 = Release|Any CPU
		{9FBCD002-8AA4-4D37-B70F-91A01770DBAA}.Debug|Any CPU.ActiveCfg = Debug|Any CPU
		{9FBCD002-8AA4-4D37-B70F-91A01770DBAA}.Debug|Any CPU.Build.0 = Debug|Any CPU
		{9FBCD002-8AA4-4D37-B70F-91A01770DBAA}.Debug|ARM64.ActiveCfg = Debug|Any CPU
		{9FBCD002-8AA4-4D37-B70F-91A01770DBAA}.Debug|ARM64.Build.0 = Debug|Any CPU
		{9FBCD002-8AA4-4D37-B70F-91A01770DBAA}.Debug|x64.ActiveCfg = Debug|Any CPU
		{9FBCD002-8AA4-4D37-B70F-91A01770DBAA}.Debug|x64.Build.0 = Debug|Any CPU
		{9FBCD002-8AA4-4D37-B70F-91A01770DBAA}.Debug|x86.ActiveCfg = Debug|Any CPU
		{9FBCD002-8AA4-4D37-B70F-91A01770DBAA}.Debug|x86.Build.0 = Debug|Any CPU
		{9FBCD002-8AA4-4D37-B70F-91A01770DBAA}.Release|Any CPU.ActiveCfg = Release|Any CPU
		{9FBCD002-8AA4-4D37-B70F-91A01770DBAA}.Release|Any CPU.Build.0 = Release|Any CPU
		{9FBCD002-8AA4-4D37-B70F-91A01770DBAA}.Release|ARM64.ActiveCfg = Release|Any CPU
		{9FBCD002-8AA4-4D37-B70F-91A01770DBAA}.Release|ARM64.Build.0 = Release|Any CPU
		{9FBCD002-8AA4-4D37-B70F-91A01770DBAA}.Release|x64.ActiveCfg = Release|Any CPU
		{9FBCD002-8AA4-4D37-B70F-91A01770DBAA}.Release|x64.Build.0 = Release|Any CPU
		{9FBCD002-8AA4-4D37-B70F-91A01770DBAA}.Release|x86.ActiveCfg = Release|Any CPU
		{9FBCD002-8AA4-4D37-B70F-91A01770DBAA}.Release|x86.Build.0 = Release|Any CPU
	EndGlobalSection
	GlobalSection(SolutionProperties) = preSolution
		HideSolutionNode = FALSE
	EndGlobalSection
	GlobalSection(NestedProjects) = preSolution
		{E307F7BE-A7AF-4818-91C7-E4A3EFE9E520} = {F2A6335E-0AE8-41E1-90C6-A282CFFCEFBD}
		{4FE36182-60AA-4483-982F-821F67D4CEB5} = {F2A6335E-0AE8-41E1-90C6-A282CFFCEFBD}
		{BD252ABA-2A5B-4F56-9413-3174AA9CD895} = {F2A6335E-0AE8-41E1-90C6-A282CFFCEFBD}
		{CA4A1320-48B8-479B-9EF8-FBED03BC3629} = {F2A6335E-0AE8-41E1-90C6-A282CFFCEFBD}
		{D3644633-5670-4050-8E1D-465A966F45E1} = {F2A6335E-0AE8-41E1-90C6-A282CFFCEFBD}
		{C34C2A8C-2C33-45B3-9BD4-91FD123D890E} = {D3644633-5670-4050-8E1D-465A966F45E1}
		{84D53A62-053A-492D-96AA-FFCF30CD756A} = {D3644633-5670-4050-8E1D-465A966F45E1}
		{F2A6335E-0AE8-41E1-90C6-A282CFFCEFBD} = {94CDA401-4A90-4F82-B851-262342674E31}
		{18ED5F1A-4D5F-482F-AAFF-05D52C35C84A} = {66763ED6-F638-4936-A82B-ADAB21030A27}
		{02EA681E-C7D8-13C7-8484-4AC65E1B71E8} = {F2A6335E-0AE8-41E1-90C6-A282CFFCEFBD}
		{3CC4F4DA-5D11-450B-B592-1BC6CE49D094} = {02EA681E-C7D8-13C7-8484-4AC65E1B71E8}
		{8FC32DE9-BC64-4655-ABBA-ECF721390BC1} = {D3644633-5670-4050-8E1D-465A966F45E1}
		{9FBCD002-8AA4-4D37-B70F-91A01770DBAA} = {F2A6335E-0AE8-41E1-90C6-A282CFFCEFBD}
	EndGlobalSection
	GlobalSection(ExtensibilityGlobals) = postSolution
		SolutionGuid = {B820FE25-5EEE-4E31-A6AE-C417551BE27C}
	EndGlobalSection
EndGlobal
