
Microsoft Visual Studio Solution File, Format Version 12.00
# Visual Studio Version 17
VisualStudioVersion = 17.2.32516.85
MinimumVisualStudioVersion = 10.0.40219.1
Project("{2150E333-8FDC-42A3-9474-1A3956D46DE8}") = "platform", "platform", "{94CDA401-4A90-4F82-B851-262342674E31}"
EndProject
Project("{2150E333-8FDC-42A3-9474-1A3956D46DE8}") = "windows", "windows", "{F2A6335E-0AE8-41E1-90C6-A282CFFCEFBD}"
EndProject
Project("{FAE04EC0-301F-11D3-BF4B-00C04F79EFBC}") = "WintapCoreSvcMgr", "platform\windows\WintapCoreSvcMgr\WintapCoreSvcMgr.csproj", "{81FBD822-2DC1-2331-8CA9-BC480052207F}"
EndProject
Project("{2150E333-8FDC-42A3-9474-1A3956D46DE8}") = "shared", "shared", "{ABD96F32-1616-418C-B9BA-3AD8305B3F0A}"
EndProject
Project("{2150E333-8FDC-42A3-9474-1A3956D46DE8}") = "ai", "ai", "{BE997054-8931-4693-9FA8-9F3DF42ADB1F}"
EndProject
Project("{2150E333-8FDC-42A3-9474-1A3956D46DE8}") = "samples", "samples", "{7870C21B-335D-4B3D-8690-B4700F63E4E6}"
EndProject
Project("{FAE04EC0-301F-11D3-BF4B-00C04F79EFBC}") = "SimpleEventPlugin", "shared\samples\SimpleEventPlugin\SimpleEventPlugin.csproj", "{4E45668E-5337-E682-E298-DCEF26F8189E}"
EndProject
Project("{FAE04EC0-301F-11D3-BF4B-00C04F79EFBC}") = "WintapAPI", "shared\WintapAPI\WintapAPI.csproj", "{056C2F16-8367-32F2-E4C1-D09B9D833071}"
EndProject
Project("{E24C65DC-7377-472B-9ABA-BC803B73C61A}") = "Wintap-Workbench", "shared\Wintap-Workbench\", "{344A6B60-2229-B8C0-6F95-B52EB1014BFB}"
	ProjectSection(WebsiteProperties) = preProject
		TargetFrameworkMoniker = ".NETFramework,Version%3Dv4.8"
		Debug.AspNetCompiler.VirtualPath = "/localhost_63685"
		Debug.AspNetCompiler.PhysicalPath = "shared\Wintap-Workbench\"
		Debug.AspNetCompiler.TargetPath = "PrecompiledWeb\localhost_63685\"
		Debug.AspNetCompiler.Updateable = "true"
		Debug.AspNetCompiler.ForceOverwrite = "true"
		Debug.AspNetCompiler.FixedNames = "false"
		Debug.AspNetCompiler.Debug = "True"
		Release.AspNetCompiler.VirtualPath = "/localhost_63685"
		Release.AspNetCompiler.PhysicalPath = "shared\Wintap-Workbench\"
		Release.AspNetCompiler.TargetPath = "PrecompiledWeb\localhost_63685\"
		Release.AspNetCompiler.Updateable = "true"
		Release.AspNetCompiler.ForceOverwrite = "true"
		Release.AspNetCompiler.FixedNames = "false"
		Release.AspNetCompiler.Debug = "False"
		VWDPort = "63685"
		SlnRelativePath = "shared\Wintap-Workbench\"
	EndProjectSection
EndProject
Project("{FAE04EC0-301F-11D3-BF4B-00C04F79EFBC}") = "wintap_mcp_server", "shared\ai\wintap_mcp_server\wintap_mcp_server.csproj", "{842F3621-DD13-8A76-286D-0514EBE1E9A2}"
EndProject
Project("{54435603-DBB4-11D2-8724-00A0C9A8B90C}") = "WintapSetup", "platform\windows\WintapSetup\WintapSetup.vdproj", "{D1BD19A0-93CA-91D9-A70F-0DD0634A2793}"
EndProject
Project("{2150E333-8FDC-42A3-9474-1A3956D46DE8}") = "documentation", "documentation", "{02EA681E-C7D8-13C7-8484-4AC65E1B71E8}"
	ProjectSection(SolutionItems) = preProject
		documentation\Advanced Guide on the Esper Query Language and Wintap.txt = documentation\Advanced Guide on the Esper Query Language and Wintap.txt
		documentation\CONTRIBUTIONS.md = documentation\CONTRIBUTIONS.md
		documentation\Introduction on Using Esper with Wintap.txt = documentation\Introduction on Using Esper with Wintap.txt
		documentation\LICENSE = documentation\LICENSE
		documentation\LICENSE.md = documentation\LICENSE.md
		documentation\LICENSE.rtf = documentation\LICENSE.rtf
		documentation\Linux Deployment Guide.md = documentation\Linux Deployment Guide.md
		documentation\NOTICE.txt = documentation\NOTICE.txt
		documentation\README.md = documentation\README.md
		documentation\wintap-developer-guide.md = documentation\wintap-developer-guide.md
		documentation\wintap.ico = documentation\wintap.ico
		documentation\Wintap.png = documentation\Wintap.png
	EndProjectSection
EndProject
Project("{FAE04EC0-301F-11D3-BF4B-00C04F79EFBC}") = "Wintap", "wintap\Wintap.csproj", "{030F9B85-37E9-D684-9317-91C54B490A01}"
EndProject
Project("{FAE04EC0-301F-11D3-BF4B-00C04F79EFBC}") = "WintapRecorder", "platform\windows\WintapRecorder\WintapRecorder.csproj", "{E8B4A565-3B0F-2AB4-1D3A-2CD061AB6A69}"
EndProject
Project("{54435603-DBB4-11D2-8724-00A0C9A8B90C}") = "wintapv7setup", "platform\windows\WintapSetup\wintapv7setup\wintapv7setup.vdproj", "{F1EA10C7-5326-A613-7990-82F5C4851336}"
EndProject
Project("{FAE04EC0-301F-11D3-BF4B-00C04F79EFBC}") = "SimpleMcpPlugin", "shared\samples\SimpleMcpPlugin\SimpleMcpPlugin.csproj", "{BA9870C7-ADDF-44FA-87F6-FD98EC340AB7}"
EndProject
Project("{FAE04EC0-301F-11D3-BF4B-00C04F79EFBC}") = "SimpleMcpPluginServer", "shared\samples\SimplePluginMcpServer\SimpleMcpPluginServer.csproj", "{6C01F5B7-A48C-5DB2-B824-AFA573B2E2B7}"
EndProject
Project("{FAE04EC0-301F-11D3-BF4B-00C04F79EFBC}") = "Lintap", "wintap\Lintap.csproj", "{BCA0F85E-0E6D-31D4-7D05-F908A9E38D42}"
EndProject
Project("{FAE04EC0-301F-11D3-BF4B-00C04F79EFBC}") = "Mactap", "wintap\Mactap.csproj", "{F03BCDAF-6C0A-81C9-A06E-BE75C56FCFB6}"
EndProject
Project("{2150E333-8FDC-42A3-9474-1A3956D46DE8}") = "tests", "tests", "{0AB3BF05-4346-4AA6-1389-037BE0695223}"
EndProject
Project("{FAE04EC0-301F-11D3-BF4B-00C04F79EFBC}") = "Wintap.Tests", "tests\Wintap.Tests\Wintap.Tests.csproj", "{7716F3FA-A9C6-48DA-AF17-7A251231A926}"
EndProject
Global
	GlobalSection(SolutionConfigurationPlatforms) = preSolution
		Debug|Any CPU = Debug|Any CPU
		Debug|ARM64 = Debug|ARM64
		Debug|x64 = Debug|x64
		Debug|x86 = Debug|x86
		Release|Any CPU = Release|Any CPU
		Release|ARM64 = Release|ARM64
		Release|x64 = Release|x64
		Release|x86 = Release|x86
	EndGlobalSection
	GlobalSection(ProjectConfigurationPlatforms) = postSolution
		{81FBD822-2DC1-2331-8CA9-BC480052207F}.Debug|Any CPU.ActiveCfg = Debug|Any CPU
		{81FBD822-2DC1-2331-8CA9-BC480052207F}.Debug|Any CPU.Build.0 = Debug|Any CPU
		{81FBD822-2DC1-2331-8CA9-BC480052207F}.Debug|ARM64.ActiveCfg = Debug|Any CPU
		{81FBD822-2DC1-2331-8CA9-BC480052207F}.Debug|ARM64.Build.0 = Debug|Any CPU
		{81FBD822-2DC1-2331-8CA9-BC480052207F}.Debug|x64.ActiveCfg = Debug|Any CPU
		{81FBD822-2DC1-2331-8CA9-BC480052207F}.Debug|x64.Build.0 = Debug|Any CPU
		{81FBD822-2DC1-2331-8CA9-BC480052207F}.Debug|x86.ActiveCfg = Debug|Any CPU
		{81FBD822-2DC1-2331-8CA9-BC480052207F}.Debug|x86.Build.0 = Debug|Any CPU
		{81FBD822-2DC1-2331-8CA9-BC480052207F}.Release|Any CPU.ActiveCfg = Release|Any CPU
		{81FBD822-2DC1-2331-8CA9-BC480052207F}.Release|Any CPU.Build.0 = Release|Any CPU
		{81FBD822-2DC1-2331-8CA9-BC480052207F}.Release|ARM64.ActiveCfg = Release|Any CPU
		{81FBD822-2DC1-2331-8CA9-BC480052207F}.Release|ARM64.Build.0 = Release|Any CPU
		{81FBD822-2DC1-2331-8CA9-BC480052207F}.Release|x64.ActiveCfg = Release|Any CPU
		{81FBD822-2DC1-2331-8CA9-BC480052207F}.Release|x64.Build.0 = Release|Any CPU
		{81FBD822-2DC1-2331-8CA9-BC480052207F}.Release|x86.ActiveCfg = Release|Any CPU
		{81FBD822-2DC1-2331-8CA9-BC480052207F}.Release|x86.Build.0 = Release|Any CPU
		{4E45668E-5337-E682-E298-DCEF26F8189E}.Debug|Any CPU.ActiveCfg = Debug|Any CPU
		{4E45668E-5337-E682-E298-DCEF26F8189E}.Debug|Any CPU.Build.0 = Debug|Any CPU
		{4E45668E-5337-E682-E298-DCEF26F8189E}.Debug|ARM64.ActiveCfg = Debug|Any CPU
		{4E45668E-5337-E682-E298-DCEF26F8189E}.Debug|ARM64.Build.0 = Debug|Any CPU
		{4E45668E-5337-E682-E298-DCEF26F8189E}.Debug|x64.ActiveCfg = Debug|Any CPU
		{4E45668E-5337-E682-E298-DCEF26F8189E}.Debug|x64.Build.0 = Debug|Any CPU
		{4E45668E-5337-E682-E298-DCEF26F8189E}.Debug|x86.ActiveCfg = Debug|Any CPU
		{4E45668E-5337-E682-E298-DCEF26F8189E}.Debug|x86.Build.0 = Debug|Any CPU
		{4E45668E-5337-E682-E298-DCEF26F8189E}.Release|Any CPU.ActiveCfg = Release|Any CPU
		{4E45668E-5337-E682-E298-DCEF26F8189E}.Release|Any CPU.Build.0 = Release|Any CPU
		{4E45668E-5337-E682-E298-DCEF26F8189E}.Release|ARM64.ActiveCfg = Release|Any CPU
		{4E45668E-5337-E682-E298-DCEF26F8189E}.Release|ARM64.Build.0 = Release|Any CPU
		{4E45668E-5337-E682-E298-DCEF26F8189E}.Release|x64.ActiveCfg = Release|Any CPU
		{4E45668E-5337-E682-E298-DCEF26F8189E}.Release|x64.Build.0 = Release|Any CPU
		{4E45668E-5337-E682-E298-DCEF26F8189E}.Release|x86.ActiveCfg = Release|Any CPU
		{4E45668E-5337-E682-E298-DCEF26F8189E}.Release|x86.Build.0 = Release|Any CPU
		{056C2F16-8367-32F2-E4C1-D09B9D833071}.Debug|Any CPU.ActiveCfg = Debug|Any CPU
		{056C2F16-8367-32F2-E4C1-D09B9D833071}.Debug|Any CPU.Build.0 = Debug|Any CPU
		{056C2F16-8367-32F2-E4C1-D09B9D833071}.Debug|ARM64.ActiveCfg = Debug|Any CPU
		{056C2F16-8367-32F2-E4C1-D09B9D833071}.Debug|ARM64.Build.0 = Debug|Any CPU
		{056C2F16-8367-32F2-E4C1-D09B9D833071}.Debug|x64.ActiveCfg = Debug|Any CPU
		{056C2F16-8367-32F2-E4C1-D09B9D833071}.Debug|x64.Build.0 = Debug|Any CPU
		{056C2F16-8367-32F2-E4C1-D09B9D833071}.Debug|x86.ActiveCfg = Debug|Any CPU
		{056C2F16-8367-32F2-E4C1-D09B9D833071}.Debug|x86.Build.0 = Debug|Any CPU
		{056C2F16-8367-32F2-E4C1-D09B9D833071}.Release|Any CPU.ActiveCfg = Release|Any CPU
		{056C2F16-8367-32F2-E4C1-D09B9D833071}.Release|Any CPU.Build.0 = Release|Any CPU
		{056C2F16-8367-32F2-E4C1-D09B9D833071}.Release|ARM64.ActiveCfg = Release|Any CPU
		{056C2F16-8367-32F2-E4C1-D09B9D833071}.Release|ARM64.Build.0 = Release|Any CPU
		{056C2F16-8367-32F2-E4C1-D09B9D833071}.Release|x64.ActiveCfg = Release|Any CPU
		{056C2F16-8367-32F2-E4C1-D09B9D833071}.Release|x64.Build.0 = Release|Any CPU
		{056C2F16-8367-32F2-E4C1-D09B9D833071}.Release|x86.ActiveCfg = Release|Any CPU
		{056C2F16-8367-32F2-E4C1-D09B9D833071}.Release|x86.Build.0 = Release|Any CPU
		{344A6B60-2229-B8C0-6F95-B52EB1014BFB}.Debug|Any CPU.ActiveCfg = Debug|Any CPU
		{344A6B60-2229-B8C0-6F95-B52EB1014BFB}.Debug|Any CPU.Build.0 = Debug|Any CPU
		{344A6B60-2229-B8C0-6F95-B52EB1014BFB}.Debug|ARM64.ActiveCfg = Debug|Any CPU
		{344A6B60-2229-B8C0-6F95-B52EB1014BFB}.Debug|ARM64.Build.0 = Debug|Any CPU
		{344A6B60-2229-B8C0-6F95-B52EB1014BFB}.Debug|x64.ActiveCfg = Debug|Any CPU
		{344A6B60-2229-B8C0-6F95-B52EB1014BFB}.Debug|x64.Build.0 = Debug|Any CPU
		{344A6B60-2229-B8C0-6F95-B52EB1014BFB}.Debug|x86.ActiveCfg = Debug|Any CPU
		{344A6B60-2229-B8C0-6F95-B52EB1014BFB}.Debug|x86.Build.0 = Debug|Any CPU
		{344A6B60-2229-B8C0-6F95-B52EB1014BFB}.Release|Any CPU.ActiveCfg = Debug|Any CPU
		{344A6B60-2229-B8C0-6F95-B52EB1014BFB}.Release|Any CPU.Build.0 = Debug|Any CPU
		{344A6B60-2229-B8C0-6F95-B52EB1014BFB}.Release|ARM64.ActiveCfg = Debug|Any CPU
		{344A6B60-2229-B8C0-6F95-B52EB1014BFB}.Release|ARM64.Build.0 = Debug|Any CPU
		{344A6B60-2229-B8C0-6F95-B52EB1014BFB}.Release|x64.ActiveCfg = Debug|Any CPU
		{344A6B60-2229-B8C0-6F95-B52EB1014BFB}.Release|x64.Build.0 = Debug|Any CPU
		{344A6B60-2229-B8C0-6F95-B52EB1014BFB}.Release|x86.ActiveCfg = Debug|Any CPU
		{344A6B60-2229-B8C0-6F95-B52EB1014BFB}.Release|x86.Build.0 = Debug|Any CPU
		{842F3621-DD13-8A76-286D-0514EBE1E9A2}.Debug|Any CPU.ActiveCfg = Debug|Any CPU
		{842F3621-DD13-8A76-286D-0514EBE1E9A2}.Debug|Any CPU.Build.0 = Debug|Any CPU
		{842F3621-DD13-8A76-286D-0514EBE1E9A2}.Debug|ARM64.ActiveCfg = Debug|Any CPU
		{842F3621-DD13-8A76-286D-0514EBE1E9A2}.Debug|ARM64.Build.0 = Debug|Any CPU
		{842F3621-DD13-8A76-286D-0514EBE1E9A2}.Debug|x64.ActiveCfg = Debug|Any CPU
		{842F3621-DD13-8A76-286D-0514EBE1E9A2}.Debug|x64.Build.0 = Debug|Any CPU
		{842F3621-DD13-8A76-286D-0514EBE1E9A2}.Debug|x86.ActiveCfg = Debug|Any CPU
		{842F3621-DD13-8A76-286D-0514EBE1E9A2}.Debug|x86.Build.0 = Debug|Any CPU
		{842F3621-DD13-8A76-286D-0514EBE1E9A2}.Release|Any CPU.ActiveCfg = Release|Any CPU
		{842F3621-DD13-8A76-286D-0514EBE1E9A2}.Release|Any CPU.Build.0 = Release|Any CPU
		{842F3621-DD13-8A76-286D-0514EBE1E9A2}.Release|ARM64.ActiveCfg = Release|Any CPU
		{842F3621-DD13-8A76-286D-0514EBE1E9A2}.Release|ARM64.Build.0 = Release|Any CPU
		{842F3621-DD13-8A76-286D-0514EBE1E9A2}.Release|x64.ActiveCfg = Release|Any CPU
		{842F3621-DD13-8A76-286D-0514EBE1E9A2}.Release|x64.Build.0 = Release|Any CPU
		{842F3621-DD13-8A76-286D-0514EBE1E9A2}.Release|x86.ActiveCfg = Release|Any CPU
		{842F3621-DD13-8A76-286D-0514EBE1E9A2}.Release|x86.Build.0 = Release|Any CPU
		{D1BD19A0-93CA-91D9-A70F-0DD0634A2793}.Debug|Any CPU.ActiveCfg = Debug|Any CPU
		{D1BD19A0-93CA-91D9-A70F-0DD0634A2793}.Debug|Any CPU.Build.0 = Debug|Any CPU
		{D1BD19A0-93CA-91D9-A70F-0DD0634A2793}.Debug|ARM64.ActiveCfg = Debug|ARM64
		{D1BD19A0-93CA-91D9-A70F-0DD0634A2793}.Debug|ARM64.Build.0 = Debug|ARM64
		{D1BD19A0-93CA-91D9-A70F-0DD0634A2793}.Debug|x64.ActiveCfg = Debug|x64
		{D1BD19A0-93CA-91D9-A70F-0DD0634A2793}.Debug|x64.Build.0 = Debug|x64
		{D1BD19A0-93CA-91D9-A70F-0DD0634A2793}.Debug|x86.ActiveCfg = Debug|x86
		{D1BD19A0-93CA-91D9-A70F-0DD0634A2793}.Debug|x86.Build.0 = Debug|x86
		{D1BD19A0-93CA-91D9-A70F-0DD0634A2793}.Release|Any CPU.ActiveCfg = Release|Any CPU
		{D1BD19A0-93CA-91D9-A70F-0DD0634A2793}.Release|Any CPU.Build.0 = Release|Any CPU
		{D1BD19A0-93CA-91D9-A70F-0DD0634A2793}.Release|ARM64.ActiveCfg = Release|ARM64
		{D1BD19A0-93CA-91D9-A70F-0DD0634A2793}.Release|ARM64.Build.0 = Release|ARM64
		{D1BD19A0-93CA-91D9-A70F-0DD0634A2793}.Release|x64.ActiveCfg = Release|x64
		{D1BD19A0-93CA-91D9-A70F-0DD0634A2793}.Release|x64.Build.0 = Release|x64
		{D1BD19A0-93CA-91D9-A70F-0DD0634A2793}.Release|x86.ActiveCfg = Release|x86
		{D1BD19A0-93CA-91D9-A70F-0DD0634A2793}.Release|x86.Build.0 = Release|x86
		{030F9B85-37E9-D684-9317-91C54B490A01}.Debug|Any CPU.ActiveCfg = Debug|Any CPU
		{030F9B85-37E9-D684-9317-91C54B490A01}.Debug|Any CPU.Build.0 = Debug|Any CPU
		{030F9B85-37E9-D684-9317-91C54B490A01}.Debug|ARM64.ActiveCfg = Debug|Any CPU
		{030F9B85-37E9-D684-9317-91C54B490A01}.Debug|ARM64.Build.0 = Debug|Any CPU
		{030F9B85-37E9-D684-9317-91C54B490A01}.Debug|x64.ActiveCfg = Debug|Any CPU
		{030F9B85-37E9-D684-9317-91C54B490A01}.Debug|x64.Build.0 = Debug|Any CPU
		{030F9B85-37E9-D684-9317-91C54B490A01}.Debug|x86.ActiveCfg = Debug|Any CPU
		{030F9B85-37E9-D684-9317-91C54B490A01}.Debug|x86.Build.0 = Debug|Any CPU
		{030F9B85-37E9-D684-9317-91C54B490A01}.Release|Any CPU.ActiveCfg = Release|Any CPU
		{030F9B85-37E9-D684-9317-91C54B490A01}.Release|Any CPU.Build.0 = Release|Any CPU
		{030F9B85-37E9-D684-9317-91C54B490A01}.Release|ARM64.ActiveCfg = Release|Any CPU
		{030F9B85-37E9-D684-9317-91C54B490A01}.Release|ARM64.Build.0 = Release|Any CPU
		{030F9B85-37E9-D684-9317-91C54B490A01}.Release|x64.ActiveCfg = Release|Any CPU
		{030F9B85-37E9-D684-9317-91C54B490A01}.Release|x64.Build.0 = Release|Any CPU
		{030F9B85-37E9-D684-9317-91C54B490A01}.Release|x86.ActiveCfg = Release|Any CPU
		{030F9B85-37E9-D684-9317-91C54B490A01}.Release|x86.Build.0 = Release|Any CPU
		{E8B4A565-3B0F-2AB4-1D3A-2CD061AB6A69}.Debug|Any CPU.ActiveCfg = Debug|Any CPU
		{E8B4A565-3B0F-2AB4-1D3A-2CD061AB6A69}.Debug|Any CPU.Build.0 = Debug|Any CPU
		{E8B4A565-3B0F-2AB4-1D3A-2CD061AB6A69}.Debug|ARM64.ActiveCfg = Debug|Any CPU
		{E8B4A565-3B0F-2AB4-1D3A-2CD061AB6A69}.Debug|ARM64.Build.0 = Debug|Any CPU
		{E8B4A565-3B0F-2AB4-1D3A-2CD061AB6A69}.Debug|x64.ActiveCfg = Debug|x64
		{E8B4A565-3B0F-2AB4-1D3A-2CD061AB6A69}.Debug|x64.Build.0 = Debug|x64
		{E8B4A565-3B0F-2AB4-1D3A-2CD061AB6A69}.Debug|x86.ActiveCfg = Debug|Any CPU
		{E8B4A565-3B0F-2AB4-1D3A-2CD061AB6A69}.Debug|x86.Build.0 = Debug|Any CPU
		{E8B4A565-3B0F-2AB4-1D3A-2CD061AB6A69}.Release|Any CPU.ActiveCfg = Release|Any CPU
		{E8B4A565-3B0F-2AB4-1D3A-2CD061AB6A69}.Release|Any CPU.Build.0 = Release|Any CPU
		{E8B4A565-3B0F-2AB4-1D3A-2CD061AB6A69}.Release|ARM64.ActiveCfg = Release|Any CPU
		{E8B4A565-3B0F-2AB4-1D3A-2CD061AB6A69}.Release|ARM64.Build.0 = Release|Any CPU
		{E8B4A565-3B0F-2AB4-1D3A-2CD061AB6A69}.Release|x64.ActiveCfg = Release|x64
		{E8B4A565-3B0F-2AB4-1D3A-2CD061AB6A69}.Release|x64.Build.0 = Release|x64
		{E8B4A565-3B0F-2AB4-1D3A-2CD061AB6A69}.Release|x86.ActiveCfg = Release|Any CPU
		{E8B4A565-3B0F-2AB4-1D3A-2CD061AB6A69}.Release|x86.Build.0 = Release|Any CPU
		{F1EA10C7-5326-A613-7990-82F5C4851336}.Debug|Any CPU.ActiveCfg = Debug|Any CPU
		{F1EA10C7-5326-A613-7990-82F5C4851336}.Debug|ARM64.ActiveCfg = Debug|ARM64
		{F1EA10C7-5326-A613-7990-82F5C4851336}.Debug|x64.ActiveCfg = Debug|x64
		{F1EA10C7-5326-A613-7990-82F5C4851336}.Debug|x86.ActiveCfg = Debug|x86
		{F1EA10C7-5326-A613-7990-82F5C4851336}.Release|Any CPU.ActiveCfg = Release|Any CPU
		{F1EA10C7-5326-A613-7990-82F5C4851336}.Release|ARM64.ActiveCfg = Release|ARM64
		{F1EA10C7-5326-A613-7990-82F5C4851336}.Release|x64.ActiveCfg = Release|x64
		{F1EA10C7-5326-A613-7990-82F5C4851336}.Release|x86.ActiveCfg = Release|x86
		{BA9870C7-ADDF-44FA-87F6-FD98EC340AB7}.Debug|Any CPU.ActiveCfg = Debug|Any CPU
		{BA9870C7-ADDF-44FA-87F6-FD98EC340AB7}.Debug|Any CPU.Build.0 = Debug|Any CPU
		{BA9870C7-ADDF-44FA-87F6-FD98EC340AB7}.Debug|ARM64.ActiveCfg = Debug|Any CPU
		{BA9870C7-ADDF-44FA-87F6-FD98EC340AB7}.Debug|ARM64.Build.0 = Debug|Any CPU
		{BA9870C7-ADDF-44FA-87F6-FD98EC340AB7}.Debug|x64.ActiveCfg = Debug|Any CPU
		{BA9870C7-ADDF-44FA-87F6-FD98EC340AB7}.Debug|x64.Build.0 = Debug|Any CPU
		{BA9870C7-ADDF-44FA-87F6-FD98EC340AB7}.Debug|x86.ActiveCfg = Debug|Any CPU
		{BA9870C7-ADDF-44FA-87F6-FD98EC340AB7}.Debug|x86.Build.0 = Debug|Any CPU
		{BA9870C7-ADDF-44FA-87F6-FD98EC340AB7}.Release|Any CPU.ActiveCfg = Release|Any CPU
		{BA9870C7-ADDF-44FA-87F6-FD98EC340AB7}.Release|Any CPU.Build.0 = Release|Any CPU
		{BA9870C7-ADDF-44FA-87F6-FD98EC340AB7}.Release|ARM64.ActiveCfg = Release|Any CPU
		{BA9870C7-ADDF-44FA-87F6-FD98EC340AB7}.Release|ARM64.Build.0 = Release|Any CPU
		{BA9870C7-ADDF-44FA-87F6-FD98EC340AB7}.Release|x64.ActiveCfg = Release|Any CPU
		{BA9870C7-ADDF-44FA-87F6-FD98EC340AB7}.Release|x64.Build.0 = Release|Any CPU
		{BA9870C7-ADDF-44FA-87F6-FD98EC340AB7}.Release|x86.ActiveCfg = Release|Any CPU
		{BA9870C7-ADDF-44FA-87F6-FD98EC340AB7}.Release|x86.Build.0 = Release|Any CPU
		{6C01F5B7-A48C-5DB2-B824-AFA573B2E2B7}.Debug|Any CPU.ActiveCfg = Debug|Any CPU
		{6C01F5B7-A48C-5DB2-B824-AFA573B2E2B7}.Debug|Any CPU.Build.0 = Debug|Any CPU
		{6C01F5B7-A48C-5DB2-B824-AFA573B2E2B7}.Debug|ARM64.ActiveCfg = Debug|Any CPU
		{6C01F5B7-A48C-5DB2-B824-AFA573B2E2B7}.Debug|ARM64.Build.0 = Debug|Any CPU
		{6C01F5B7-A48C-5DB2-B824-AFA573B2E2B7}.Debug|x64.ActiveCfg = Debug|Any CPU
		{6C01F5B7-A48C-5DB2-B824-AFA573B2E2B7}.Debug|x64.Build.0 = Debug|Any CPU
		{6C01F5B7-A48C-5DB2-B824-AFA573B2E2B7}.Debug|x86.ActiveCfg = Debug|Any CPU
		{6C01F5B7-A48C-5DB2-B824-AFA573B2E2B7}.Debug|x86.Build.0 = Debug|Any CPU
		{6C01F5B7-A48C-5DB2-B824-AFA573B2E2B7}.Release|Any CPU.ActiveCfg = Release|Any CPU
		{6C01F5B7-A48C-5DB2-B824-AFA573B2E2B7}.Release|Any CPU.Build.0 = Release|Any CPU
		{6C01F5B7-A48C-5DB2-B824-AFA573B2E2B7}.Release|ARM64.ActiveCfg = Release|Any CPU
		{6C01F5B7-A48C-5DB2-B824-AFA573B2E2B7}.Release|ARM64.Build.0 = Release|Any CPU
		{6C01F5B7-A48C-5DB2-B824-AFA573B2E2B7}.Release|x64.ActiveCfg = Release|Any CPU
		{6C01F5B7-A48C-5DB2-B824-AFA573B2E2B7}.Release|x64.Build.0 = Release|Any CPU
		{6C01F5B7-A48C-5DB2-B824-AFA573B2E2B7}.Release|x86.ActiveCfg = Release|Any CPU
		{6C01F5B7-A48C-5DB2-B824-AFA573B2E2B7}.Release|x86.Build.0 = Release|Any CPU
		{BCA0F85E-0E6D-31D4-7D05-F908A9E38D42}.Debug|Any CPU.ActiveCfg = Debug|Any CPU
		{BCA0F85E-0E6D-31D4-7D05-F908A9E38D42}.Debug|Any CPU.Build.0 = Debug|Any CPU
		{BCA0F85E-0E6D-31D4-7D05-F908A9E38D42}.Debug|ARM64.ActiveCfg = Debug|Any CPU
		{BCA0F85E-0E6D-31D4-7D05-F908A9E38D42}.Debug|ARM64.Build.0 = Debug|Any CPU
		{BCA0F85E-0E6D-31D4-7D05-F908A9E38D42}.Debug|x64.ActiveCfg = Debug|Any CPU
		{BCA0F85E-0E6D-31D4-7D05-F908A9E38D42}.Debug|x64.Build.0 = Debug|Any CPU
		{BCA0F85E-0E6D-31D4-7D05-F908A9E38D42}.Debug|x86.ActiveCfg = Debug|Any CPU
		{BCA0F85E-0E6D-31D4-7D05-F908A9E38D42}.Debug|x86.Build.0 = Debug|Any CPU
		{BCA0F85E-0E6D-31D4-7D05-F908A9E38D42}.Release|Any CPU.ActiveCfg = Release|Any CPU
		{BCA0F85E-0E6D-31D4-7D05-F908A9E38D42}.Release|Any CPU.Build.0 = Release|Any CPU
		{BCA0F85E-0E6D-31D4-7D05-F908A9E38D42}.Release|ARM64.ActiveCfg = Release|Any CPU
		{BCA0F85E-0E6D-31D4-7D05-F908A9E38D42}.Release|ARM64.Build.0 = Release|Any CPU
		{BCA0F85E-0E6D-31D4-7D05-F908A9E38D42}.Release|x64.ActiveCfg = Release|Any CPU
		{BCA0F85E-0E6D-31D4-7D05-F908A9E38D42}.Release|x64.Build.0 = Release|Any CPU
		{BCA0F85E-0E6D-31D4-7D05-F908A9E38D42}.Release|x86.ActiveCfg = Release|Any CPU
		{BCA0F85E-0E6D-31D4-7D05-F908A9E38D42}.Release|x86.Build.0 = Release|Any CPU
		{F03BCDAF-6C0A-81C9-A06E-BE75C56FCFB6}.Debug|Any CPU.ActiveCfg = Debug|Any CPU
		{F03BCDAF-6C0A-81C9-A06E-BE75C56FCFB6}.Debug|Any CPU.Build.0 = Debug|Any CPU
		{F03BCDAF-6C0A-81C9-A06E-BE75C56FCFB6}.Debug|ARM64.ActiveCfg = Debug|Any CPU
		{F03BCDAF-6C0A-81C9-A06E-BE75C56FCFB6}.Debug|ARM64.Build.0 = Debug|Any CPU
		{F03BCDAF-6C0A-81C9-A06E-BE75C56FCFB6}.Debug|x64.ActiveCfg = Debug|Any CPU
		{F03BCDAF-6C0A-81C9-A06E-BE75C56FCFB6}.Debug|x64.Build.0 = Debug|Any CPU
		{F03BCDAF-6C0A-81C9-A06E-BE75C56FCFB6}.Debug|x86.ActiveCfg = Debug|Any CPU
		{F03BCDAF-6C0A-81C9-A06E-BE75C56FCFB6}.Debug|x86.Build.0 = Debug|Any CPU
		{F03BCDAF-6C0A-81C9-A06E-BE75C56FCFB6}.Release|Any CPU.ActiveCfg = Release|Any CPU
		{F03BCDAF-6C0A-81C9-A06E-BE75C56FCFB6}.Release|Any CPU.Build.0 = Release|Any CPU
		{F03BCDAF-6C0A-81C9-A06E-BE75C56FCFB6}.Release|ARM64.ActiveCfg = Release|Any CPU
		{F03BCDAF-6C0A-81C9-A06E-BE75C56FCFB6}.Release|ARM64.Build.0 = Release|Any CPU
		{F03BCDAF-6C0A-81C9-A06E-BE75C56FCFB6}.Release|x64.ActiveCfg = Release|Any CPU
		{F03BCDAF-6C0A-81C9-A06E-BE75C56FCFB6}.Release|x64.Build.0 = Release|Any CPU
		{F03BCDAF-6C0A-81C9-A06E-BE75C56FCFB6}.Release|x86.ActiveCfg = Release|Any CPU
		{F03BCDAF-6C0A-81C9-A06E-BE75C56FCFB6}.Release|x86.Build.0 = Release|Any CPU
		{7716F3FA-A9C6-48DA-AF17-7A251231A926}.Debug|Any CPU.ActiveCfg = Debug|Any CPU
		{7716F3FA-A9C6-48DA-AF17-7A251231A926}.Debug|Any CPU.Build.0 = Debug|Any CPU
		{7716F3FA-A9C6-48DA-AF17-7A251231A926}.Debug|ARM64.ActiveCfg = Debug|Any CPU
		{7716F3FA-A9C6-48DA-AF17-7A251231A926}.Debug|ARM64.Build.0 = Debug|Any CPU
		{7716F3FA-A9C6-48DA-AF17-7A251231A926}.Debug|x64.ActiveCfg = Debug|Any CPU
		{7716F3FA-A9C6-48DA-AF17-7A251231A926}.Debug|x64.Build.0 = Debug|Any CPU
		{7716F3FA-A9C6-48DA-AF17-7A251231A926}.Debug|x86.ActiveCfg = Debug|Any CPU
		{7716F3FA-A9C6-48DA-AF17-7A251231A926}.Debug|x86.Build.0 = Debug|Any CPU
		{7716F3FA-A9C6-48DA-AF17-7A251231A926}.Release|Any CPU.ActiveCfg = Release|Any CPU
		{7716F3FA-A9C6-48DA-AF17-7A251231A926}.Release|Any CPU.Build.0 = Release|Any CPU
		{7716F3FA-A9C6-48DA-AF17-7A251231A926}.Release|ARM64.ActiveCfg = Release|Any CPU
		{7716F3FA-A9C6-48DA-AF17-7A251231A926}.Release|ARM64.Build.0 = Release|Any CPU
		{7716F3FA-A9C6-48DA-AF17-7A251231A926}.Release|x64.ActiveCfg = Release|Any CPU
		{7716F3FA-A9C6-48DA-AF17-7A251231A926}.Release|x64.Build.0 = Release|Any CPU
		{7716F3FA-A9C6-48DA-AF17-7A251231A926}.Release|x86.ActiveCfg = Release|Any CPU
		{7716F3FA-A9C6-48DA-AF17-7A251231A926}.Release|x86.Build.0 = Release|Any CPU
	EndGlobalSection
	GlobalSection(SolutionProperties) = preSolution
		HideSolutionNode = FALSE
	EndGlobalSection
	GlobalSection(NestedProjects) = preSolution
		{F2A6335E-0AE8-41E1-90C6-A282CFFCEFBD} = {94CDA401-4A90-4F82-B851-262342674E31}
		{81FBD822-2DC1-2331-8CA9-BC480052207F} = {F2A6335E-0AE8-41E1-90C6-A282CFFCEFBD}
		{BE997054-8931-4693-9FA8-9F3DF42ADB1F} = {ABD96F32-1616-418C-B9BA-3AD8305B3F0A}
		{7870C21B-335D-4B3D-8690-B4700F63E4E6} = {ABD96F32-1616-418C-B9BA-3AD8305B3F0A}
		{4E45668E-5337-E682-E298-DCEF26F8189E} = {7870C21B-335D-4B3D-8690-B4700F63E4E6}
		{056C2F16-8367-32F2-E4C1-D09B9D833071} = {ABD96F32-1616-418C-B9BA-3AD8305B3F0A}
		{344A6B60-2229-B8C0-6F95-B52EB1014BFB} = {ABD96F32-1616-418C-B9BA-3AD8305B3F0A}
		{842F3621-DD13-8A76-286D-0514EBE1E9A2} = {BE997054-8931-4693-9FA8-9F3DF42ADB1F}
		{D1BD19A0-93CA-91D9-A70F-0DD0634A2793} = {F2A6335E-0AE8-41E1-90C6-A282CFFCEFBD}
		{E8B4A565-3B0F-2AB4-1D3A-2CD061AB6A69} = {F2A6335E-0AE8-41E1-90C6-A282CFFCEFBD}
		{F1EA10C7-5326-A613-7990-82F5C4851336} = {F2A6335E-0AE8-41E1-90C6-A282CFFCEFBD}
		{BA9870C7-ADDF-44FA-87F6-FD98EC340AB7} = {7870C21B-335D-4B3D-8690-B4700F63E4E6}
		{6C01F5B7-A48C-5DB2-B824-AFA573B2E2B7} = {7870C21B-335D-4B3D-8690-B4700F63E4E6}
		{7716F3FA-A9C6-48DA-AF17-7A251231A926} = {0AB3BF05-4346-4AA6-1389-037BE0695223}
	EndGlobalSection
	GlobalSection(ExtensibilityGlobals) = postSolution
		SolutionGuid = {B820FE25-5EEE-4E31-A6AE-C417551BE27C}
	EndGlobalSection
EndGlobal
