
Microsoft Visual Studio Solution File, Format Version 12.00
# Visual Studio Version 17
VisualStudioVersion = 17.2.32516.85
MinimumVisualStudioVersion = 10.0.40219.1
Project("{FAE04EC0-301F-11D3-BF4B-00C04F79EFBC}") = "Wintap", "Wintap.csproj", "{225F7EEB-8D75-4921-922F-AA0354EC8289}"
EndProject
Project("{FAE04EC0-301F-11D3-BF4B-00C04F79EFBC}") = "WintapSvcMgr", "WintapSvcMgr\WintapSvcMgr.csproj", "{E307F7BE-A7AF-4818-91C7-E4A3EFE9E520}"
EndProject
Project("{54435603-DBB4-11D2-8724-00A0C9A8B90C}") = "WintapSetup", "WintapSetup\WintapSetup.vdproj", "{2EDFA2D5-2B8D-43EF-907A-91A41B4DDFB4}"
EndProject
Project("{FAE04EC0-301F-11D3-BF4B-00C04F79EFBC}") = "WintapAPI", "WintapAPI\WintapAPI.csproj", "{C2A9826A-1DDE-44C9-8B82-9CE124E027E9}"
EndProject
Project("{9A19103F-16F7-4668-BE54-9A1E7A4F7556}") = "MergeHelper", "MergeHelper\MergeHelper.csproj", "{D8516370-E5E4-4002-915D-3245F5B259D6}"
EndProject
Project("{FAE04EC0-301F-11D3-BF4B-00C04F79EFBC}") = "WintapETL", "WintapETL\WintapETL.csproj", "{CC904063-6532-44B4-8FB3-73FBA4012CB4}"
EndProject
Project("{9A19103F-16F7-4668-BE54-9A1E7A4F7556}") = "WintapRecorder", "WintapRecorder\WintapRecorder.csproj", "{4FE36182-60AA-4483-982F-821F67D4CEB5}"
EndProject
Project("{54435603-DBB4-11D2-8724-00A0C9A8B90C}") = "WintapETLSetup", "WintapETLSetup\WintapETLSetup.vdproj", "{656E8892-0B25-412D-AA11-7E0602E3BD7B}"
EndProject
Global
	GlobalSection(SolutionConfigurationPlatforms) = preSolution
		Debug|Any CPU = Debug|Any CPU
		Debug|x64 = Debug|x64
		Debug|x86 = Debug|x86
		Release|Any CPU = Release|Any CPU
		Release|x64 = Release|x64
		Release|x86 = Release|x86
	EndGlobalSection
	GlobalSection(ProjectConfigurationPlatforms) = postSolution
		{225F7EEB-8D75-4921-922F-AA0354EC8289}.Debug|Any CPU.ActiveCfg = Debug|Any CPU
		{225F7EEB-8D75-4921-922F-AA0354EC8289}.Debug|Any CPU.Build.0 = Debug|Any CPU
		{225F7EEB-8D75-4921-922F-AA0354EC8289}.Debug|x64.ActiveCfg = Debug|x64
		{225F7EEB-8D75-4921-922F-AA0354EC8289}.Debug|x64.Build.0 = Debug|x64
		{225F7EEB-8D75-4921-922F-AA0354EC8289}.Debug|x86.ActiveCfg = Debug|Any CPU
		{225F7EEB-8D75-4921-922F-AA0354EC8289}.Debug|x86.Build.0 = Debug|Any CPU
		{225F7EEB-8D75-4921-922F-AA0354EC8289}.Release|Any CPU.ActiveCfg = Release|Any CPU
		{225F7EEB-8D75-4921-922F-AA0354EC8289}.Release|Any CPU.Build.0 = Release|Any CPU
		{225F7EEB-8D75-4921-922F-AA0354EC8289}.Release|x64.ActiveCfg = Release|x64
		{225F7EEB-8D75-4921-922F-AA0354EC8289}.Release|x64.Build.0 = Release|x64
		{225F7EEB-8D75-4921-922F-AA0354EC8289}.Release|x86.ActiveCfg = Release|x86
		{225F7EEB-8D75-4921-922F-AA0354EC8289}.Release|x86.Build.0 = Release|x86
		{E307F7BE-A7AF-4818-91C7-E4A3EFE9E520}.Debug|Any CPU.ActiveCfg = Debug|x64
		{E307F7BE-A7AF-4818-91C7-E4A3EFE9E520}.Debug|Any CPU.Build.0 = Debug|x64
		{E307F7BE-A7AF-4818-91C7-E4A3EFE9E520}.Debug|x64.ActiveCfg = Debug|Any CPU
		{E307F7BE-A7AF-4818-91C7-E4A3EFE9E520}.Debug|x64.Build.0 = Debug|Any CPU
		{E307F7BE-A7AF-4818-91C7-E4A3EFE9E520}.Debug|x86.ActiveCfg = Debug|Any CPU
		{E307F7BE-A7AF-4818-91C7-E4A3EFE9E520}.Debug|x86.Build.0 = Debug|Any CPU
		{E307F7BE-A7AF-4818-91C7-E4A3EFE9E520}.Release|Any CPU.ActiveCfg = Release|x64
		{E307F7BE-A7AF-4818-91C7-E4A3EFE9E520}.Release|Any CPU.Build.0 = Release|x64
		{E307F7BE-A7AF-4818-91C7-E4A3EFE9E520}.Release|x64.ActiveCfg = Release|Any CPU
		{E307F7BE-A7AF-4818-91C7-E4A3EFE9E520}.Release|x64.Build.0 = Release|Any CPU
		{E307F7BE-A7AF-4818-91C7-E4A3EFE9E520}.Release|x86.ActiveCfg = Release|Any CPU
		{E307F7BE-A7AF-4818-91C7-E4A3EFE9E520}.Release|x86.Build.0 = Release|Any CPU
		{2EDFA2D5-2B8D-43EF-907A-91A41B4DDFB4}.Debug|Any CPU.ActiveCfg = Debug
		{2EDFA2D5-2B8D-43EF-907A-91A41B4DDFB4}.Debug|Any CPU.Build.0 = Debug
		{2EDFA2D5-2B8D-43EF-907A-91A41B4DDFB4}.Debug|x64.ActiveCfg = Debug
		{2EDFA2D5-2B8D-43EF-907A-91A41B4DDFB4}.Debug|x64.Build.0 = Debug
		{2EDFA2D5-2B8D-43EF-907A-91A41B4DDFB4}.Debug|x86.ActiveCfg = Debug
		{2EDFA2D5-2B8D-43EF-907A-91A41B4DDFB4}.Debug|x86.Build.0 = Debug
		{2EDFA2D5-2B8D-43EF-907A-91A41B4DDFB4}.Release|Any CPU.ActiveCfg = Release
		{2EDFA2D5-2B8D-43EF-907A-91A41B4DDFB4}.Release|Any CPU.Build.0 = Release
		{2EDFA2D5-2B8D-43EF-907A-91A41B4DDFB4}.Release|x64.ActiveCfg = Release
		{2EDFA2D5-2B8D-43EF-907A-91A41B4DDFB4}.Release|x64.Build.0 = Release
		{2EDFA2D5-2B8D-43EF-907A-91A41B4DDFB4}.Release|x86.ActiveCfg = Release
		{2EDFA2D5-2B8D-43EF-907A-91A41B4DDFB4}.Release|x86.Build.0 = Release
		{C2A9826A-1DDE-44C9-8B82-9CE124E027E9}.Debug|Any CPU.ActiveCfg = Debug|Any CPU
		{C2A9826A-1DDE-44C9-8B82-9CE124E027E9}.Debug|Any CPU.Build.0 = Debug|Any CPU
		{C2A9826A-1DDE-44C9-8B82-9CE124E027E9}.Debug|x64.ActiveCfg = Debug|Any CPU
		{C2A9826A-1DDE-44C9-8B82-9CE124E027E9}.Debug|x64.Build.0 = Debug|Any CPU
		{C2A9826A-1DDE-44C9-8B82-9CE124E027E9}.Debug|x86.ActiveCfg = Debug|Any CPU
		{C2A9826A-1DDE-44C9-8B82-9CE124E027E9}.Debug|x86.Build.0 = Debug|Any CPU
		{C2A9826A-1DDE-44C9-8B82-9CE124E027E9}.Release|Any CPU.ActiveCfg = Release|Any CPU
		{C2A9826A-1DDE-44C9-8B82-9CE124E027E9}.Release|Any CPU.Build.0 = Release|Any CPU
		{C2A9826A-1DDE-44C9-8B82-9CE124E027E9}.Release|x64.ActiveCfg = Release|Any CPU
		{C2A9826A-1DDE-44C9-8B82-9CE124E027E9}.Release|x64.Build.0 = Release|Any CPU
		{C2A9826A-1DDE-44C9-8B82-9CE124E027E9}.Release|x86.ActiveCfg = Release|Any CPU
		{C2A9826A-1DDE-44C9-8B82-9CE124E027E9}.Release|x86.Build.0 = Release|Any CPU
		{D8516370-E5E4-4002-915D-3245F5B259D6}.Debug|Any CPU.ActiveCfg = Debug|Any CPU
		{D8516370-E5E4-4002-915D-3245F5B259D6}.Debug|Any CPU.Build.0 = Debug|Any CPU
		{D8516370-E5E4-4002-915D-3245F5B259D6}.Debug|x64.ActiveCfg = Debug|x64
		{D8516370-E5E4-4002-915D-3245F5B259D6}.Debug|x64.Build.0 = Debug|x64
		{D8516370-E5E4-4002-915D-3245F5B259D6}.Debug|x86.ActiveCfg = Debug|Any CPU
		{D8516370-E5E4-4002-915D-3245F5B259D6}.Debug|x86.Build.0 = Debug|Any CPU
		{D8516370-E5E4-4002-915D-3245F5B259D6}.Release|Any CPU.ActiveCfg = Release|Any CPU
		{D8516370-E5E4-4002-915D-3245F5B259D6}.Release|Any CPU.Build.0 = Release|Any CPU
		{D8516370-E5E4-4002-915D-3245F5B259D6}.Release|x64.ActiveCfg = Release|x64
		{D8516370-E5E4-4002-915D-3245F5B259D6}.Release|x64.Build.0 = Release|x64
		{D8516370-E5E4-4002-915D-3245F5B259D6}.Release|x86.ActiveCfg = Release|Any CPU
		{D8516370-E5E4-4002-915D-3245F5B259D6}.Release|x86.Build.0 = Release|Any CPU
		{CC904063-6532-44B4-8FB3-73FBA4012CB4}.Debug|Any CPU.ActiveCfg = Debug|Any CPU
		{CC904063-6532-44B4-8FB3-73FBA4012CB4}.Debug|Any CPU.Build.0 = Debug|Any CPU
		{CC904063-6532-44B4-8FB3-73FBA4012CB4}.Debug|x64.ActiveCfg = Debug|x64
		{CC904063-6532-44B4-8FB3-73FBA4012CB4}.Debug|x64.Build.0 = Debug|x64
		{CC904063-6532-44B4-8FB3-73FBA4012CB4}.Debug|x86.ActiveCfg = Debug|Any CPU
		{CC904063-6532-44B4-8FB3-73FBA4012CB4}.Debug|x86.Build.0 = Debug|Any CPU
		{CC904063-6532-44B4-8FB3-73FBA4012CB4}.Release|Any CPU.ActiveCfg = Release|Any CPU
		{CC904063-6532-44B4-8FB3-73FBA4012CB4}.Release|Any CPU.Build.0 = Release|Any CPU
		{CC904063-6532-44B4-8FB3-73FBA4012CB4}.Release|x64.ActiveCfg = Release|x64
		{CC904063-6532-44B4-8FB3-73FBA4012CB4}.Release|x64.Build.0 = Release|x64
		{CC904063-6532-44B4-8FB3-73FBA4012CB4}.Release|x86.ActiveCfg = Release|Any CPU
		{CC904063-6532-44B4-8FB3-73FBA4012CB4}.Release|x86.Build.0 = Release|Any CPU
		{4FE36182-60AA-4483-982F-821F67D4CEB5}.Debug|Any CPU.ActiveCfg = Debug|Any CPU
		{4FE36182-60AA-4483-982F-821F67D4CEB5}.Debug|Any CPU.Build.0 = Debug|Any CPU
		{4FE36182-60AA-4483-982F-821F67D4CEB5}.Debug|x64.ActiveCfg = Debug|x64
		{4FE36182-60AA-4483-982F-821F67D4CEB5}.Debug|x64.Build.0 = Debug|x64
		{4FE36182-60AA-4483-982F-821F67D4CEB5}.Debug|x86.ActiveCfg = Debug|Any CPU
		{4FE36182-60AA-4483-982F-821F67D4CEB5}.Debug|x86.Build.0 = Debug|Any CPU
		{4FE36182-60AA-4483-982F-821F67D4CEB5}.Release|Any CPU.ActiveCfg = Release|Any CPU
		{4FE36182-60AA-4483-982F-821F67D4CEB5}.Release|Any CPU.Build.0 = Release|Any CPU
		{4FE36182-60AA-4483-982F-821F67D4CEB5}.Release|x64.ActiveCfg = Release|x64
		{4FE36182-60AA-4483-982F-821F67D4CEB5}.Release|x64.Build.0 = Release|x64
		{4FE36182-60AA-4483-982F-821F67D4CEB5}.Release|x86.ActiveCfg = Release|Any CPU
		{4FE36182-60AA-4483-982F-821F67D4CEB5}.Release|x86.Build.0 = Release|Any CPU
		{656E8892-0B25-412D-AA11-7E0602E3BD7B}.Debug|Any CPU.ActiveCfg = Debug
		{656E8892-0B25-412D-AA11-7E0602E3BD7B}.Debug|Any CPU.Build.0 = Debug
		{656E8892-0B25-412D-AA11-7E0602E3BD7B}.Debug|x64.ActiveCfg = Debug
		{656E8892-0B25-412D-AA11-7E0602E3BD7B}.Debug|x64.Build.0 = Debug
		{656E8892-0B25-412D-AA11-7E0602E3BD7B}.Debug|x86.ActiveCfg = Debug
		{656E8892-0B25-412D-AA11-7E0602E3BD7B}.Debug|x86.Build.0 = Debug
		{656E8892-0B25-412D-AA11-7E0602E3BD7B}.Release|Any CPU.ActiveCfg = Release
		{656E8892-0B25-412D-AA11-7E0602E3BD7B}.Release|Any CPU.Build.0 = Release
		{656E8892-0B25-412D-AA11-7E0602E3BD7B}.Release|x64.ActiveCfg = Release
		{656E8892-0B25-412D-AA11-7E0602E3BD7B}.Release|x64.Build.0 = Release
		{656E8892-0B25-412D-AA11-7E0602E3BD7B}.Release|x86.ActiveCfg = Release
		{656E8892-0B25-412D-AA11-7E0602E3BD7B}.Release|x86.Build.0 = Release
	EndGlobalSection
	GlobalSection(SolutionProperties) = preSolution
		HideSolutionNode = FALSE
	EndGlobalSection
	GlobalSection(ExtensibilityGlobals) = postSolution
		SolutionGuid = {B820FE25-5EEE-4E31-A6AE-C417551BE27C}
	EndGlobalSection
EndGlobal
